
Microsoft Visual Studio Solution File, Format Version 12.00
# Visual Studio Version 16
VisualStudioVersion = 16.0.29403.142
MinimumVisualStudioVersion = 10.0.40219.1
Project("{9A19103F-16F7-4668-BE54-9A1E7A4F7556}") = "LayoutCAD", "LayoutCAD\LayoutCAD.csproj", "{5008D494-13A2-48B4-92E7-9121A31C76E9}"
EndProject
Project("{9A19103F-16F7-4668-BE54-9A1E7A4F7556}") = "LayoutCADTests", "LayoutCADTests\LayoutCADTests.csproj", "{9E35ABF3-8FEB-4A5D-8315-BDF5E5CE02B8}"
EndProject
Global
	GlobalSection(SolutionConfigurationPlatforms) = preSolution
		Debug|Any CPU = Debug|Any CPU
		Release|Any CPU = Release|Any CPU
	EndGlobalSection
	GlobalSection(ProjectConfigurationPlatforms) = postSolution
		{5008D494-13A2-48B4-92E7-9121A31C76E9}.Debug|Any CPU.ActiveCfg = Debug|Any CPU
		{5008D494-13A2-48B4-92E7-9121A31C76E9}.Debug|Any CPU.Build.0 = Debug|Any CPU
		{5008D494-13A2-48B4-92E7-9121A31C76E9}.Release|Any CPU.ActiveCfg = Release|Any CPU
		{5008D494-13A2-48B4-92E7-9121A31C76E9}.Release|Any CPU.Build.0 = Release|Any CPU
		{9E35ABF3-8FEB-4A5D-8315-BDF5E5CE02B8}.Debug|Any CPU.ActiveCfg = Debug|Any CPU
		{9E35ABF3-8FEB-4A5D-8315-BDF5E5CE02B8}.Debug|Any CPU.Build.0 = Debug|Any CPU
		{9E35ABF3-8FEB-4A5D-8315-BDF5E5CE02B8}.Release|Any CPU.ActiveCfg = Release|Any CPU
		{9E35ABF3-8FEB-4A5D-8315-BDF5E5CE02B8}.Release|Any CPU.Build.0 = Release|Any CPU
	EndGlobalSection
	GlobalSection(SolutionProperties) = preSolution
		HideSolutionNode = FALSE
	EndGlobalSection
	GlobalSection(ExtensibilityGlobals) = postSolution
		SolutionGuid = {8E01BF54-76AD-4904-8D3E-597DC418448E}
	EndGlobalSection
EndGlobal
